
Microsoft Visual Studio Solution File, Format Version 12.00
# Visual Studio Version 16
VisualStudioVersion = 16.0.31727.386
MinimumVisualStudioVersion = 10.0.40219.1
Project("{8BC9CEB8-8B4A-11D0-8D11-00A0C91BC942}") = "day02", "day02\day02.vcxproj", "{E6BA167A-21E0-4E79-8E89-EB1A250BE752}"
EndProject
Project("{8BC9CEB8-8B4A-11D0-8D11-00A0C91BC942}") = "while_ex", "while_ex\while_ex.vcxproj", "{2ADA5C03-8368-4A1C-8C9E-33F4B7129B01}"
EndProject
Project("{8BC9CEB8-8B4A-11D0-8D11-00A0C91BC942}") = "for_ex", "for_ex\for_ex.vcxproj", "{CB0FB473-D81D-4024-B839-B6018432E86F}"
EndProject
Project("{8BC9CEB8-8B4A-11D0-8D11-00A0C91BC942}") = "seats", "seats\seats.vcxproj", "{34DB5A81-6456-4928-B690-02978A77CA20}"
EndProject
Project("{8BC9CEB8-8B4A-11D0-8D11-00A0C91BC942}") = "arrays", "arrays\arrays.vcxproj", "{58131438-CEB1-4235-B8CB-EAE09C1D8FAA}"
EndProject
Project("{8BC9CEB8-8B4A-11D0-8D11-00A0C91BC942}") = "functions", "functions\functions.vcxproj", "{A7A706FC-8378-4DD4-A9B1-F6A553E64F58}"
EndProject
Global
	GlobalSection(SolutionConfigurationPlatforms) = preSolution
		Debug|x64 = Debug|x64
		Debug|x86 = Debug|x86
		Release|x64 = Release|x64
		Release|x86 = Release|x86
	EndGlobalSection
	GlobalSection(ProjectConfigurationPlatforms) = postSolution
		{E6BA167A-21E0-4E79-8E89-EB1A250BE752}.Debug|x64.ActiveCfg = Debug|x64
		{E6BA167A-21E0-4E79-8E89-EB1A250BE752}.Debug|x64.Build.0 = Debug|x64
		{E6BA167A-21E0-4E79-8E89-EB1A250BE752}.Debug|x86.ActiveCfg = Debug|Win32
		{E6BA167A-21E0-4E79-8E89-EB1A250BE752}.Debug|x86.Build.0 = Debug|Win32
		{E6BA167A-21E0-4E79-8E89-EB1A250BE752}.Release|x64.ActiveCfg = Release|x64
		{E6BA167A-21E0-4E79-8E89-EB1A250BE752}.Release|x64.Build.0 = Release|x64
		{E6BA167A-21E0-4E79-8E89-EB1A250BE752}.Release|x86.ActiveCfg = Release|Win32
		{E6BA167A-21E0-4E79-8E89-EB1A250BE752}.Release|x86.Build.0 = Release|Win32
		{2ADA5C03-8368-4A1C-8C9E-33F4B7129B01}.Debug|x64.ActiveCfg = Debug|x64
		{2ADA5C03-8368-4A1C-8C9E-33F4B7129B01}.Debug|x64.Build.0 = Debug|x64
		{2ADA5C03-8368-4A1C-8C9E-33F4B7129B01}.Debug|x86.ActiveCfg = Debug|Win32
		{2ADA5C03-8368-4A1C-8C9E-33F4B7129B01}.Debug|x86.Build.0 = Debug|Win32
		{2ADA5C03-8368-4A1C-8C9E-33F4B7129B01}.Release|x64.ActiveCfg = Release|x64
		{2ADA5C03-8368-4A1C-8C9E-33F4B7129B01}.Release|x64.Build.0 = Release|x64
		{2ADA5C03-8368-4A1C-8C9E-33F4B7129B01}.Release|x86.ActiveCfg = Release|Win32
		{2ADA5C03-8368-4A1C-8C9E-33F4B7129B01}.Release|x86.Build.0 = Release|Win32
		{CB0FB473-D81D-4024-B839-B6018432E86F}.Debug|x64.ActiveCfg = Debug|x64
		{CB0FB473-D81D-4024-B839-B6018432E86F}.Debug|x64.Build.0 = Debug|x64
		{CB0FB473-D81D-4024-B839-B6018432E86F}.Debug|x86.ActiveCfg = Debug|Win32
		{CB0FB473-D81D-4024-B839-B6018432E86F}.Debug|x86.Build.0 = Debug|Win32
		{CB0FB473-D81D-4024-B839-B6018432E86F}.Release|x64.ActiveCfg = Release|x64
		{CB0FB473-D81D-4024-B839-B6018432E86F}.Release|x64.Build.0 = Release|x64
		{CB0FB473-D81D-4024-B839-B6018432E86F}.Release|x86.ActiveCfg = Release|Win32
		{CB0FB473-D81D-4024-B839-B6018432E86F}.Release|x86.Build.0 = Release|Win32
		{34DB5A81-6456-4928-B690-02978A77CA20}.Debug|x64.ActiveCfg = Debug|x64
		{34DB5A81-6456-4928-B690-02978A77CA20}.Debug|x64.Build.0 = Debug|x64
		{34DB5A81-6456-4928-B690-02978A77CA20}.Debug|x86.ActiveCfg = Debug|Win32
		{34DB5A81-6456-4928-B690-02978A77CA20}.Debug|x86.Build.0 = Debug|Win32
		{34DB5A81-6456-4928-B690-02978A77CA20}.Release|x64.ActiveCfg = Release|x64
		{34DB5A81-6456-4928-B690-02978A77CA20}.Release|x64.Build.0 = Release|x64
		{34DB5A81-6456-4928-B690-02978A77CA20}.Release|x86.ActiveCfg = Release|Win32
		{34DB5A81-6456-4928-B690-02978A77CA20}.Release|x86.Build.0 = Release|Win32
		{58131438-CEB1-4235-B8CB-EAE09C1D8FAA}.Debug|x64.ActiveCfg = Debug|x64
		{58131438-CEB1-4235-B8CB-EAE09C1D8FAA}.Debug|x64.Build.0 = Debug|x64
		{58131438-CEB1-4235-B8CB-EAE09C1D8FAA}.Debug|x86.ActiveCfg = Debug|Win32
		{58131438-CEB1-4235-B8CB-EAE09C1D8FAA}.Debug|x86.Build.0 = Debug|Win32
		{58131438-CEB1-4235-B8CB-EAE09C1D8FAA}.Release|x64.ActiveCfg = Release|x64
		{58131438-CEB1-4235-B8CB-EAE09C1D8FAA}.Release|x64.Build.0 = Release|x64
		{58131438-CEB1-4235-B8CB-EAE09C1D8FAA}.Release|x86.ActiveCfg = Release|Win32
		{58131438-CEB1-4235-B8CB-EAE09C1D8FAA}.Release|x86.Build.0 = Release|Win32
		{A7A706FC-8378-4DD4-A9B1-F6A553E64F58}.Debug|x64.ActiveCfg = Debug|x64
		{A7A706FC-8378-4DD4-A9B1-F6A553E64F58}.Debug|x64.Build.0 = Debug|x64
		{A7A706FC-8378-4DD4-A9B1-F6A553E64F58}.Debug|x86.ActiveCfg = Debug|Win32
		{A7A706FC-8378-4DD4-A9B1-F6A553E64F58}.Debug|x86.Build.0 = Debug|Win32
		{A7A706FC-8378-4DD4-A9B1-F6A553E64F58}.Release|x64.ActiveCfg = Release|x64
		{A7A706FC-8378-4DD4-A9B1-F6A553E64F58}.Release|x64.Build.0 = Release|x64
		{A7A706FC-8378-4DD4-A9B1-F6A553E64F58}.Release|x86.ActiveCfg = Release|Win32
		{A7A706FC-8378-4DD4-A9B1-F6A553E64F58}.Release|x86.Build.0 = Release|Win32
	EndGlobalSection
	GlobalSection(SolutionProperties) = preSolution
		HideSolutionNode = FALSE
	EndGlobalSection
	GlobalSection(ExtensibilityGlobals) = postSolution
		SolutionGuid = {15E383E5-220F-49ED-8AF2-2A3694754755}
	EndGlobalSection
EndGlobal
